
Microsoft Visual Studio Solution File, Format Version 12.00
# Visual Studio Version 17
VisualStudioVersion = 17.4.33205.214
MinimumVisualStudioVersion = 10.0.40219.1
Project("{9A19103F-16F7-4668-BE54-9A1E7A4F7556}") = "KbstAPI", "KbstAPI.csproj", "{CE918126-5B5C-4E65-BF60-3534E7E53310}"
EndProject
Global
	GlobalSection(SolutionConfigurationPlatforms) = preSolution
		Debug|Any CPU = Debug|Any CPU
		Release|Any CPU = Release|Any CPU
	EndGlobalSection
	GlobalSection(ProjectConfigurationPlatforms) = postSolution
		{CE918126-5B5C-4E65-BF60-3534E7E53310}.Debug|Any CPU.ActiveCfg = Debug|Any CPU
		{CE918126-5B5C-4E65-BF60-3534E7E53310}.Debug|Any CPU.Build.0 = Debug|Any CPU
		{CE918126-5B5C-4E65-BF60-3534E7E53310}.Release|Any CPU.ActiveCfg = Release|Any CPU
		{CE918126-5B5C-4E65-BF60-3534E7E53310}.Release|Any CPU.Build.0 = Release|Any CPU
	EndGlobalSection
	GlobalSection(SolutionProperties) = preSolution
		HideSolutionNode = FALSE
	EndGlobalSection
	GlobalSection(ExtensibilityGlobals) = postSolution
		SolutionGuid = {46D77041-2DC7-4DBE-9C90-D405B2668FD7}
	EndGlobalSection
EndGlobal
